// !$*UTF8*$!
{
	archiveVersion = 1;
	classes = {
	};
	objectVersion = 77;
	objects = {

/* Begin PBXBuildFile section */
		17904F1C2EBA079B00ED0748 /* ReachuCore in Frameworks */ = {isa = PBXBuildFile; productRef = 17904F1B2EBA079B00ED0748 /* ReachuCore */; };
		17904F1E2EBA079B00ED0748 /* ReachuDesignSystem in Frameworks */ = {isa = PBXBuildFile; productRef = 17904F1D2EBA079B00ED0748 /* ReachuDesignSystem */; };
		17904F202EBA079B00ED0748 /* ReachuUI in Frameworks */ = {isa = PBXBuildFile; productRef = 17904F1F2EBA079B00ED0748 /* ReachuUI */; };
		17904F242EBA094300ED0748 /* ReachuCore in Frameworks */ = {isa = PBXBuildFile; productRef = 17904F232EBA094300ED0748 /* ReachuCore */; };
		17904F262EBA094300ED0748 /* ReachuUI in Frameworks */ = {isa = PBXBuildFile; productRef = 17904F252EBA094300ED0748 /* ReachuUI */; };
/* End PBXBuildFile section */

/* Begin PBXContainerItemProxy section */
		17904EFC2EBA05F000ED0748 /* PBXContainerItemProxy */ = {
			isa = PBXContainerItemProxy;
			containerPortal = 17904EE12EBA05EF00ED0748 /* Project object */;
			proxyType = 1;
			remoteGlobalIDString = 17904EE82EBA05EF00ED0748;
			remoteInfo = PregancyDemo;
		};
		17904F062EBA05F100ED0748 /* PBXContainerItemProxy */ = {
			isa = PBXContainerItemProxy;
			containerPortal = 17904EE12EBA05EF00ED0748 /* Project object */;
			proxyType = 1;
			remoteGlobalIDString = 17904EE82EBA05EF00ED0748;
			remoteInfo = PregancyDemo;
		};
/* End PBXContainerItemProxy section */

/* Begin PBXFileReference section */
		17904EE92EBA05EF00ED0748 /* PregancyDemo.app */ = {isa = PBXFileReference; explicitFileType = wrapper.application; includeInIndex = 0; path = PregancyDemo.app; sourceTree = BUILT_PRODUCTS_DIR; };
		17904EFB2EBA05F000ED0748 /* PregancyDemoTests.xctest */ = {isa = PBXFileReference; explicitFileType = wrapper.cfbundle; includeInIndex = 0; path = PregancyDemoTests.xctest; sourceTree = BUILT_PRODUCTS_DIR; };
		17904F052EBA05F100ED0748 /* PregancyDemoUITests.xctest */ = {isa = PBXFileReference; explicitFileType = wrapper.cfbundle; includeInIndex = 0; path = PregancyDemoUITests.xctest; sourceTree = BUILT_PRODUCTS_DIR; };
/* End PBXFileReference section */

/* Begin PBXFileSystemSynchronizedRootGroup section */
		17904EEB2EBA05EF00ED0748 /* PregancyDemo */ = {
			isa = PBXFileSystemSynchronizedRootGroup;
			path = PregancyDemo;
			sourceTree = "<group>";
		};
		17904EFE2EBA05F000ED0748 /* PregancyDemoTests */ = {
			isa = PBXFileSystemSynchronizedRootGroup;
			path = PregancyDemoTests;
			sourceTree = "<group>";
		};
		17904F082EBA05F100ED0748 /* PregancyDemoUITests */ = {
			isa = PBXFileSystemSynchronizedRootGroup;
			path = PregancyDemoUITests;
			sourceTree = "<group>";
		};
/* End PBXFileSystemSynchronizedRootGroup section */

/* Begin PBXFrameworksBuildPhase section */
		17904EE62EBA05EF00ED0748 /* Frameworks */ = {
			isa = PBXFrameworksBuildPhase;
			buildActionMask = 2147483647;
			files = (
				17904F262EBA094300ED0748 /* ReachuUI in Frameworks */,
				17904F1C2EBA079B00ED0748 /* ReachuCore in Frameworks */,
				17904F202EBA079B00ED0748 /* ReachuUI in Frameworks */,
				17904F1E2EBA079B00ED0748 /* ReachuDesignSystem in Frameworks */,
				17904F242EBA094300ED0748 /* ReachuCore in Frameworks */,
			);
			runOnlyForDeploymentPostprocessing = 0;
		};
		17904EF82EBA05F000ED0748 /* Frameworks */ = {
			isa = PBXFrameworksBuildPhase;
			buildActionMask = 2147483647;
			files = (
			);
			runOnlyForDeploymentPostprocessing = 0;
		};
		17904F022EBA05F100ED0748 /* Frameworks */ = {
			isa = PBXFrameworksBuildPhase;
			buildActionMask = 2147483647;
			files = (
			);
			runOnlyForDeploymentPostprocessing = 0;
		};
/* End PBXFrameworksBuildPhase section */

/* Begin PBXGroup section */
		17904EE02EBA05EF00ED0748 = {
			isa = PBXGroup;
			children = (
				17904EEB2EBA05EF00ED0748 /* PregancyDemo */,
				17904EFE2EBA05F000ED0748 /* PregancyDemoTests */,
				17904F082EBA05F100ED0748 /* PregancyDemoUITests */,
				17904EEA2EBA05EF00ED0748 /* Products */,
			);
			sourceTree = "<group>";
		};
		17904EEA2EBA05EF00ED0748 /* Products */ = {
			isa = PBXGroup;
			children = (
				17904EE92EBA05EF00ED0748 /* PregancyDemo.app */,
				17904EFB2EBA05F000ED0748 /* PregancyDemoTests.xctest */,
				17904F052EBA05F100ED0748 /* PregancyDemoUITests.xctest */,
			);
			name = Products;
			sourceTree = "<group>";
		};
/* End PBXGroup section */

/* Begin PBXNativeTarget section */
		17904EE82EBA05EF00ED0748 /* PregancyDemo */ = {
			isa = PBXNativeTarget;
			buildConfigurationList = 17904F0F2EBA05F100ED0748 /* Build configuration list for PBXNativeTarget "PregancyDemo" */;
			buildPhases = (
				17904EE52EBA05EF00ED0748 /* Sources */,
				17904EE62EBA05EF00ED0748 /* Frameworks */,
				17904EE72EBA05EF00ED0748 /* Resources */,
			);
			buildRules = (
			);
			dependencies = (
			);
			fileSystemSynchronizedGroups = (
				17904EEB2EBA05EF00ED0748 /* PregancyDemo */,
			);
			name = PregancyDemo;
			packageProductDependencies = (
				17904F1B2EBA079B00ED0748 /* ReachuCore */,
				17904F1D2EBA079B00ED0748 /* ReachuDesignSystem */,
				17904F1F2EBA079B00ED0748 /* ReachuUI */,
				17904F232EBA094300ED0748 /* ReachuCore */,
				17904F252EBA094300ED0748 /* ReachuUI */,
			);
			productName = PregancyDemo;
			productReference = 17904EE92EBA05EF00ED0748 /* PregancyDemo.app */;
			productType = "com.apple.product-type.application";
		};
		17904EFA2EBA05F000ED0748 /* PregancyDemoTests */ = {
			isa = PBXNativeTarget;
			buildConfigurationList = 17904F122EBA05F100ED0748 /* Build configuration list for PBXNativeTarget "PregancyDemoTests" */;
			buildPhases = (
				17904EF72EBA05F000ED0748 /* Sources */,
				17904EF82EBA05F000ED0748 /* Frameworks */,
				17904EF92EBA05F000ED0748 /* Resources */,
			);
			buildRules = (
			);
			dependencies = (
				17904EFD2EBA05F000ED0748 /* PBXTargetDependency */,
			);
			fileSystemSynchronizedGroups = (
				17904EFE2EBA05F000ED0748 /* PregancyDemoTests */,
			);
			name = PregancyDemoTests;
			packageProductDependencies = (
			);
			productName = PregancyDemoTests;
			productReference = 17904EFB2EBA05F000ED0748 /* PregancyDemoTests.xctest */;
			productType = "com.apple.product-type.bundle.unit-test";
		};
		17904F042EBA05F100ED0748 /* PregancyDemoUITests */ = {
			isa = PBXNativeTarget;
			buildConfigurationList = 17904F152EBA05F100ED0748 /* Build configuration list for PBXNativeTarget "PregancyDemoUITests" */;
			buildPhases = (
				17904F012EBA05F100ED0748 /* Sources */,
				17904F022EBA05F100ED0748 /* Frameworks */,
				17904F032EBA05F100ED0748 /* Resources */,
			);
			buildRules = (
			);
			dependencies = (
				17904F072EBA05F100ED0748 /* PBXTargetDependency */,
			);
			fileSystemSynchronizedGroups = (
				17904F082EBA05F100ED0748 /* PregancyDemoUITests */,
			);
			name = PregancyDemoUITests;
			packageProductDependencies = (
			);
			productName = PregancyDemoUITests;
			productReference = 17904F052EBA05F100ED0748 /* PregancyDemoUITests.xctest */;
			productType = "com.apple.product-type.bundle.ui-testing";
		};
/* End PBXNativeTarget section */

/* Begin PBXProject section */
		17904EE12EBA05EF00ED0748 /* Project object */ = {
			isa = PBXProject;
			attributes = {
				BuildIndependentTargetsInParallel = 1;
				LastSwiftUpdateCheck = 2600;
				LastUpgradeCheck = 2600;
				TargetAttributes = {
					17904EE82EBA05EF00ED0748 = {
						CreatedOnToolsVersion = 26.0;
					};
					17904EFA2EBA05F000ED0748 = {
						CreatedOnToolsVersion = 26.0;
						TestTargetID = 17904EE82EBA05EF00ED0748;
					};
					17904F042EBA05F100ED0748 = {
						CreatedOnToolsVersion = 26.0;
						TestTargetID = 17904EE82EBA05EF00ED0748;
					};
				};
			};
			buildConfigurationList = 17904EE42EBA05EF00ED0748 /* Build configuration list for PBXProject "PregancyDemo" */;
			developmentRegion = en;
			hasScannedForEncodings = 0;
			knownRegions = (
				en,
				Base,
			);
			mainGroup = 17904EE02EBA05EF00ED0748;
			minimizedProjectReferenceProxies = 1;
			packageReferences = (
				17904F1A2EBA079B00ED0748 /* XCLocalSwiftPackageReference "../ReachuSwiftSDK" */,
			);
			preferredProjectObjectVersion = 77;
			productRefGroup = 17904EEA2EBA05EF00ED0748 /* Products */;
			projectDirPath = "";
			projectRoot = "";
			targets = (
				17904EE82EBA05EF00ED0748 /* PregancyDemo */,
				17904EFA2EBA05F000ED0748 /* PregancyDemoTests */,
				17904F042EBA05F100ED0748 /* PregancyDemoUITests */,
			);
		};
/* End PBXProject section */

/* Begin PBXResourcesBuildPhase section */
		17904EE72EBA05EF00ED0748 /* Resources */ = {
			isa = PBXResourcesBuildPhase;
			buildActionMask = 2147483647;
			files = (
			);
			runOnlyForDeploymentPostprocessing = 0;
		};
		17904EF92EBA05F000ED0748 /* Resources */ = {
			isa = PBXResourcesBuildPhase;
			buildActionMask = 2147483647;
			files = (
			);
			runOnlyForDeploymentPostprocessing = 0;
		};
		17904F032EBA05F100ED0748 /* Resources */ = {
			isa = PBXResourcesBuildPhase;
			buildActionMask = 2147483647;
			files = (
			);
			runOnlyForDeploymentPostprocessing = 0;
		};
/* End PBXResourcesBuildPhase section */

/* Begin PBXSourcesBuildPhase section */
		17904EE52EBA05EF00ED0748 /* Sources */ = {
			isa = PBXSourcesBuildPhase;
			buildActionMask = 2147483647;
			files = (
			);
			runOnlyForDeploymentPostprocessing = 0;
		};
		17904EF72EBA05F000ED0748 /* Sources */ = {
			isa = PBXSourcesBuildPhase;
			buildActionMask = 2147483647;
			files = (
			);
			runOnlyForDeploymentPostprocessing = 0;
		};
		17904F012EBA05F100ED0748 /* Sources */ = {
			isa = PBXSourcesBuildPhase;
			buildActionMask = 2147483647;
			files = (
			);
			runOnlyForDeploymentPostprocessing = 0;
		};
/* End PBXSourcesBuildPhase section */

/* Begin PBXTargetDependency section */
		17904EFD2EBA05F000ED0748 /* PBXTargetDependency */ = {
			isa = PBXTargetDependency;
			target = 17904EE82EBA05EF00ED0748 /* PregancyDemo */;
			targetProxy = 17904EFC2EBA05F000ED0748 /* PBXContainerItemProxy */;
		};
		17904F072EBA05F100ED0748 /* PBXTargetDependency */ = {
			isa = PBXTargetDependency;
			target = 17904EE82EBA05EF00ED0748 /* PregancyDemo */;
			targetProxy = 17904F062EBA05F100ED0748 /* PBXContainerItemProxy */;
		};
/* End PBXTargetDependency section */

/* Begin XCBuildConfiguration section */
		17904F0D2EBA05F100ED0748 /* Debug */ = {
			isa = XCBuildConfiguration;
			buildSettings = {
				ALWAYS_SEARCH_USER_PATHS = NO;
				ASSETCATALOG_COMPILER_GENERATE_SWIFT_ASSET_SYMBOL_EXTENSIONS = YES;
				CLANG_ANALYZER_NONNULL = YES;
				CLANG_ANALYZER_NUMBER_OBJECT_CONVERSION = YES_AGGRESSIVE;
				CLANG_CXX_LANGUAGE_STANDARD = "gnu++20";
				CLANG_ENABLE_MODULES = YES;
				CLANG_ENABLE_OBJC_ARC = YES;
				CLANG_ENABLE_OBJC_WEAK = YES;
				CLANG_WARN_BLOCK_CAPTURE_AUTORELEASING = YES;
				CLANG_WARN_BOOL_CONVERSION = YES;
				CLANG_WARN_COMMA = YES;
				CLANG_WARN_CONSTANT_CONVERSION = YES;
				CLANG_WARN_DEPRECATED_OBJC_IMPLEMENTATIONS = YES;
				CLANG_WARN_DIRECT_OBJC_ISA_USAGE = YES_ERROR;
				CLANG_WARN_DOCUMENTATION_COMMENTS = YES;
				CLANG_WARN_EMPTY_BODY = YES;
				CLANG_WARN_ENUM_CONVERSION = YES;
				CLANG_WARN_INFINITE_RECURSION = YES;
				CLANG_WARN_INT_CONVERSION = YES;
				CLANG_WARN_NON_LITERAL_NULL_CONVERSION = YES;
				CLANG_WARN_OBJC_IMPLICIT_RETAIN_SELF = YES;
				CLANG_WARN_OBJC_LITERAL_CONVERSION = YES;
				CLANG_WARN_OBJC_ROOT_CLASS = YES_ERROR;
				CLANG_WARN_QUOTED_INCLUDE_IN_FRAMEWORK_HEADER = YES;
				CLANG_WARN_RANGE_LOOP_ANALYSIS = YES;
				CLANG_WARN_STRICT_PROTOTYPES = YES;
				CLANG_WARN_SUSPICIOUS_MOVE = YES;
				CLANG_WARN_UNGUARDED_AVAILABILITY = YES_AGGRESSIVE;
				CLANG_WARN_UNREACHABLE_CODE = YES;
				CLANG_WARN__DUPLICATE_METHOD_MATCH = YES;
				COPY_PHASE_STRIP = NO;
				DEBUG_INFORMATION_FORMAT = dwarf;
				DEVELOPMENT_TEAM = U4R2B2U7E6;
				ENABLE_STRICT_OBJC_MSGSEND = YES;
				ENABLE_TESTABILITY = YES;
				ENABLE_USER_SCRIPT_SANDBOXING = YES;
				GCC_C_LANGUAGE_STANDARD = gnu17;
				GCC_DYNAMIC_NO_PIC = NO;
				GCC_NO_COMMON_BLOCKS = YES;
				GCC_OPTIMIZATION_LEVEL = 0;
				GCC_PREPROCESSOR_DEFINITIONS = (
					"DEBUG=1",
					"$(inherited)",
				);
				GCC_WARN_64_TO_32_BIT_CONVERSION = YES;
				GCC_WARN_ABOUT_RETURN_TYPE = YES_ERROR;
				GCC_WARN_UNDECLARED_SELECTOR = YES;
				GCC_WARN_UNINITIALIZED_AUTOS = YES_AGGRESSIVE;
				GCC_WARN_UNUSED_FUNCTION = YES;
				GCC_WARN_UNUSED_VARIABLE = YES;
				IPHONEOS_DEPLOYMENT_TARGET = 15.0;
				LOCALIZATION_PREFERS_STRING_CATALOGS = YES;
				MTL_ENABLE_DEBUG_INFO = INCLUDE_SOURCE;
				MTL_FAST_MATH = YES;
				ONLY_ACTIVE_ARCH = YES;
				SDKROOT = iphoneos;
				SWIFT_ACTIVE_COMPILATION_CONDITIONS = "DEBUG $(inherited)";
				SWIFT_OPTIMIZATION_LEVEL = "-Onone";
			};
			name = Debug;
		};
		17904F0E2EBA05F100ED0748 /* Release */ = {
			isa = XCBuildConfiguration;
			buildSettings = {
				ALWAYS_SEARCH_USER_PATHS = NO;
				ASSETCATALOG_COMPILER_GENERATE_SWIFT_ASSET_SYMBOL_EXTENSIONS = YES;
				CLANG_ANALYZER_NONNULL = YES;
				CLANG_ANALYZER_NUMBER_OBJECT_CONVERSION = YES_AGGRESSIVE;
				CLANG_CXX_LANGUAGE_STANDARD = "gnu++20";
				CLANG_ENABLE_MODULES = YES;
				CLANG_ENABLE_OBJC_ARC = YES;
				CLANG_ENABLE_OBJC_WEAK = YES;
				CLANG_WARN_BLOCK_CAPTURE_AUTORELEASING = YES;
				CLANG_WARN_BOOL_CONVERSION = YES;
				CLANG_WARN_COMMA = YES;
				CLANG_WARN_CONSTANT_CONVERSION = YES;
				CLANG_WARN_DEPRECATED_OBJC_IMPLEMENTATIONS = YES;
				CLANG_WARN_DIRECT_OBJC_ISA_USAGE = YES_ERROR;
				CLANG_WARN_DOCUMENTATION_COMMENTS = YES;
				CLANG_WARN_EMPTY_BODY = YES;
				CLANG_WARN_ENUM_CONVERSION = YES;
				CLANG_WARN_INFINITE_RECURSION = YES;
				CLANG_WARN_INT_CONVERSION = YES;
				CLANG_WARN_NON_LITERAL_NULL_CONVERSION = YES;
				CLANG_WARN_OBJC_IMPLICIT_RETAIN_SELF = YES;
				CLANG_WARN_OBJC_LITERAL_CONVERSION = YES;
				CLANG_WARN_OBJC_ROOT_CLASS = YES_ERROR;
				CLANG_WARN_QUOTED_INCLUDE_IN_FRAMEWORK_HEADER = YES;
				CLANG_WARN_RANGE_LOOP_ANALYSIS = YES;
				CLANG_WARN_STRICT_PROTOTYPES = YES;
				CLANG_WARN_SUSPICIOUS_MOVE = YES;
				CLANG_WARN_UNGUARDED_AVAILABILITY = YES_AGGRESSIVE;
				CLANG_WARN_UNREACHABLE_CODE = YES;
				CLANG_WARN__DUPLICATE_METHOD_MATCH = YES;
				COPY_PHASE_STRIP = NO;
				DEBUG_INFORMATION_FORMAT = "dwarf-with-dsym";
				DEVELOPMENT_TEAM = U4R2B2U7E6;
				ENABLE_NS_ASSERTIONS = NO;
				ENABLE_STRICT_OBJC_MSGSEND = YES;
				ENABLE_USER_SCRIPT_SANDBOXING = YES;
				GCC_C_LANGUAGE_STANDARD = gnu17;
				GCC_NO_COMMON_BLOCKS = YES;
				GCC_WARN_64_TO_32_BIT_CONVERSION = YES;
				GCC_WARN_ABOUT_RETURN_TYPE = YES_ERROR;
				GCC_WARN_UNDECLARED_SELECTOR = YES;
				GCC_WARN_UNINITIALIZED_AUTOS = YES_AGGRESSIVE;
				GCC_WARN_UNUSED_FUNCTION = YES;
				GCC_WARN_UNUSED_VARIABLE = YES;
				IPHONEOS_DEPLOYMENT_TARGET = 15.0;
				LOCALIZATION_PREFERS_STRING_CATALOGS = YES;
				MTL_ENABLE_DEBUG_INFO = NO;
				MTL_FAST_MATH = YES;
				SDKROOT = iphoneos;
				SWIFT_COMPILATION_MODE = wholemodule;
				VALIDATE_PRODUCT = YES;
			};
			name = Release;
		};
		17904F102EBA05F100ED0748 /* Debug */ = {
			isa = XCBuildConfiguration;
			buildSettings = {
				ASSETCATALOG_COMPILER_APPICON_NAME = AppIcon;
				ASSETCATALOG_COMPILER_GLOBAL_ACCENT_COLOR_NAME = AccentColor;
				CODE_SIGN_STYLE = Automatic;
				CURRENT_PROJECT_VERSION = 1;
				DEVELOPMENT_TEAM = U4R2B2U7E6;
				ENABLE_PREVIEWS = YES;
				GENERATE_INFOPLIST_FILE = YES;
				INFOPLIST_KEY_CFBundleDisplayName = "Pregnancy Demo";
				INFOPLIST_KEY_CFBundleIconName = AppIcon;
				INFOPLIST_KEY_UIApplicationSceneManifest_Generation = YES;
				INFOPLIST_KEY_UIApplicationSupportsIndirectInputEvents = YES;
				INFOPLIST_KEY_UILaunchScreen_Generation = YES;
				INFOPLIST_KEY_NSCameraUsageDescription = "This app may access the camera to scan product codes or take photos of products for shopping features.";
				INFOPLIST_KEY_UISupportedInterfaceOrientations_iPad = "UIInterfaceOrientationPortrait UIInterfaceOrientationPortraitUpsideDown UIInterfaceOrientationLandscapeLeft UIInterfaceOrientationLandscapeRight";
				INFOPLIST_KEY_UISupportedInterfaceOrientations_iPhone = "UIInterfaceOrientationPortrait UIInterfaceOrientationLandscapeLeft UIInterfaceOrientationLandscapeRight";
				LD_RUNPATH_SEARCH_PATHS = (
					"$(inherited)",
					"@executable_path/Frameworks",
				);
				MARKETING_VERSION = 1.0;
				PRODUCT_BUNDLE_IDENTIFIER = reachudev.PregancyDemo;
				PRODUCT_NAME = "$(TARGET_NAME)";
				STRING_CATALOG_GENERATE_SYMBOLS = YES;
				SWIFT_APPROACHABLE_CONCURRENCY = YES;
				SWIFT_DEFAULT_ACTOR_ISOLATION = MainActor;
				SWIFT_EMIT_LOC_STRINGS = YES;
				SWIFT_UPCOMING_FEATURE_MEMBER_IMPORT_VISIBILITY = YES;
				SWIFT_VERSION = 5.0;
				TARGETED_DEVICE_FAMILY = "1,2";
			};
			name = Debug;
		};
		17904F112EBA05F100ED0748 /* Release */ = {
			isa = XCBuildConfiguration;
			buildSettings = {
				ASSETCATALOG_COMPILER_APPICON_NAME = AppIcon;
				ASSETCATALOG_COMPILER_GLOBAL_ACCENT_COLOR_NAME = AccentColor;
				CODE_SIGN_STYLE = Automatic;
				CURRENT_PROJECT_VERSION = 1;
				DEVELOPMENT_TEAM = U4R2B2U7E6;
				ENABLE_PREVIEWS = YES;
				GENERATE_INFOPLIST_FILE = YES;
				INFOPLIST_KEY_CFBundleDisplayName = "Pregnancy Demo";
				INFOPLIST_KEY_CFBundleIconName = AppIcon;
				INFOPLIST_KEY_UIApplicationSceneManifest_Generation = YES;
				INFOPLIST_KEY_UIApplicationSupportsIndirectInputEvents = YES;
				INFOPLIST_KEY_UILaunchScreen_Generation = YES;
				INFOPLIST_KEY_NSCameraUsageDescription = "This app may access the camera to scan product codes or take photos of products for shopping features.";
				INFOPLIST_KEY_UISupportedInterfaceOrientations_iPad = "UIInterfaceOrientationPortrait UIInterfaceOrientationPortraitUpsideDown UIInterfaceOrientationLandscapeLeft UIInterfaceOrientationLandscapeRight";
				INFOPLIST_KEY_UISupportedInterfaceOrientations_iPhone = "UIInterfaceOrientationPortrait UIInterfaceOrientationLandscapeLeft UIInterfaceOrientationLandscapeRight";
				LD_RUNPATH_SEARCH_PATHS = (
					"$(inherited)",
					"@executable_path/Frameworks",
				);
				MARKETING_VERSION = 1.0;
				PRODUCT_BUNDLE_IDENTIFIER = reachudev.PregancyDemo;
				PRODUCT_NAME = "$(TARGET_NAME)";
				STRING_CATALOG_GENERATE_SYMBOLS = YES;
				SWIFT_APPROACHABLE_CONCURRENCY = YES;
				SWIFT_DEFAULT_ACTOR_ISOLATION = MainActor;
				SWIFT_EMIT_LOC_STRINGS = YES;
				SWIFT_UPCOMING_FEATURE_MEMBER_IMPORT_VISIBILITY = YES;
				SWIFT_VERSION = 5.0;
				TARGETED_DEVICE_FAMILY = "1,2";
			};
			name = Release;
		};
		17904F132EBA05F100ED0748 /* Debug */ = {
			isa = XCBuildConfiguration;
			buildSettings = {
				BUNDLE_LOADER = "$(TEST_HOST)";
				CODE_SIGN_STYLE = Automatic;
				CURRENT_PROJECT_VERSION = 1;
				DEVELOPMENT_TEAM = U4R2B2U7E6;
				GENERATE_INFOPLIST_FILE = YES;
				IPHONEOS_DEPLOYMENT_TARGET = 15.0;
				MARKETING_VERSION = 1.0;
				PRODUCT_BUNDLE_IDENTIFIER = reachudev.PregancyDemoTests;
				PRODUCT_NAME = "$(TARGET_NAME)";
				STRING_CATALOG_GENERATE_SYMBOLS = NO;
				SWIFT_APPROACHABLE_CONCURRENCY = YES;
				SWIFT_EMIT_LOC_STRINGS = NO;
				SWIFT_UPCOMING_FEATURE_MEMBER_IMPORT_VISIBILITY = YES;
				SWIFT_VERSION = 5.0;
				TARGETED_DEVICE_FAMILY = "1,2";
				TEST_HOST = "$(BUILT_PRODUCTS_DIR)/PregancyDemo.app/$(BUNDLE_EXECUTABLE_FOLDER_PATH)/PregancyDemo";
			};
			name = Debug;
		};
		17904F142EBA05F100ED0748 /* Release */ = {
			isa = XCBuildConfiguration;
			buildSettings = {
				BUNDLE_LOADER = "$(TEST_HOST)";
				CODE_SIGN_STYLE = Automatic;
				CURRENT_PROJECT_VERSION = 1;
				DEVELOPMENT_TEAM = U4R2B2U7E6;
				GENERATE_INFOPLIST_FILE = YES;
				IPHONEOS_DEPLOYMENT_TARGET = 15.0;
				MARKETING_VERSION = 1.0;
				PRODUCT_BUNDLE_IDENTIFIER = reachudev.PregancyDemoTests;
				PRODUCT_NAME = "$(TARGET_NAME)";
				STRING_CATALOG_GENERATE_SYMBOLS = NO;
				SWIFT_APPROACHABLE_CONCURRENCY = YES;
				SWIFT_EMIT_LOC_STRINGS = NO;
				SWIFT_UPCOMING_FEATURE_MEMBER_IMPORT_VISIBILITY = YES;
				SWIFT_VERSION = 5.0;
				TARGETED_DEVICE_FAMILY = "1,2";
				TEST_HOST = "$(BUILT_PRODUCTS_DIR)/PregancyDemo.app/$(BUNDLE_EXECUTABLE_FOLDER_PATH)/PregancyDemo";
			};
			name = Release;
		};
		17904F162EBA05F100ED0748 /* Debug */ = {
			isa = XCBuildConfiguration;
			buildSettings = {
				CODE_SIGN_STYLE = Automatic;
				CURRENT_PROJECT_VERSION = 1;
				DEVELOPMENT_TEAM = U4R2B2U7E6;
				GENERATE_INFOPLIST_FILE = YES;
				MARKETING_VERSION = 1.0;
				PRODUCT_BUNDLE_IDENTIFIER = reachudev.PregancyDemoUITests;
				PRODUCT_NAME = "$(TARGET_NAME)";
				STRING_CATALOG_GENERATE_SYMBOLS = NO;
				SWIFT_APPROACHABLE_CONCURRENCY = YES;
				SWIFT_EMIT_LOC_STRINGS = NO;
				SWIFT_UPCOMING_FEATURE_MEMBER_IMPORT_VISIBILITY = YES;
				SWIFT_VERSION = 5.0;
				TARGETED_DEVICE_FAMILY = "1,2";
				TEST_TARGET_NAME = PregancyDemo;
			};
			name = Debug;
		};
		17904F172EBA05F100ED0748 /* Release */ = {
			isa = XCBuildConfiguration;
			buildSettings = {
				CODE_SIGN_STYLE = Automatic;
				CURRENT_PROJECT_VERSION = 1;
				DEVELOPMENT_TEAM = U4R2B2U7E6;
				GENERATE_INFOPLIST_FILE = YES;
				MARKETING_VERSION = 1.0;
				PRODUCT_BUNDLE_IDENTIFIER = reachudev.PregancyDemoUITests;
				PRODUCT_NAME = "$(TARGET_NAME)";
				STRING_CATALOG_GENERATE_SYMBOLS = NO;
				SWIFT_APPROACHABLE_CONCURRENCY = YES;
				SWIFT_EMIT_LOC_STRINGS = NO;
				SWIFT_UPCOMING_FEATURE_MEMBER_IMPORT_VISIBILITY = YES;
				SWIFT_VERSION = 5.0;
				TARGETED_DEVICE_FAMILY = "1,2";
				TEST_TARGET_NAME = PregancyDemo;
			};
			name = Release;
		};
/* End XCBuildConfiguration section */

/* Begin XCConfigurationList section */
		17904EE42EBA05EF00ED0748 /* Build configuration list for PBXProject "PregancyDemo" */ = {
			isa = XCConfigurationList;
			buildConfigurations = (
				17904F0D2EBA05F100ED0748 /* Debug */,
				17904F0E2EBA05F100ED0748 /* Release */,
			);
			defaultConfigurationIsVisible = 0;
			defaultConfigurationName = Release;
		};
		17904F0F2EBA05F100ED0748 /* Build configuration list for PBXNativeTarget "PregancyDemo" */ = {
			isa = XCConfigurationList;
			buildConfigurations = (
				17904F102EBA05F100ED0748 /* Debug */,
				17904F112EBA05F100ED0748 /* Release */,
			);
			defaultConfigurationIsVisible = 0;
			defaultConfigurationName = Release;
		};
		17904F122EBA05F100ED0748 /* Build configuration list for PBXNativeTarget "PregancyDemoTests" */ = {
			isa = XCConfigurationList;
			buildConfigurations = (
				17904F132EBA05F100ED0748 /* Debug */,
				17904F142EBA05F100ED0748 /* Release */,
			);
			defaultConfigurationIsVisible = 0;
			defaultConfigurationName = Release;
		};
		17904F152EBA05F100ED0748 /* Build configuration list for PBXNativeTarget "PregancyDemoUITests" */ = {
			isa = XCConfigurationList;
			buildConfigurations = (
				17904F162EBA05F100ED0748 /* Debug */,
				17904F172EBA05F100ED0748 /* Release */,
			);
			defaultConfigurationIsVisible = 0;
			defaultConfigurationName = Release;
		};
/* End XCConfigurationList section */

/* Begin XCLocalSwiftPackageReference section */
		17904F1A2EBA079B00ED0748 /* XCLocalSwiftPackageReference "../ReachuSwiftSDK" */ = {
			isa = XCLocalSwiftPackageReference;
			relativePath = ../ReachuSwiftSDK;
		};
/* End XCLocalSwiftPackageReference section */

/* Begin XCSwiftPackageProductDependency section */
		17904F1B2EBA079B00ED0748 /* ReachuCore */ = {
			isa = XCSwiftPackageProductDependency;
			productName = ReachuCore;
		};
		17904F1D2EBA079B00ED0748 /* ReachuDesignSystem */ = {
			isa = XCSwiftPackageProductDependency;
			productName = ReachuDesignSystem;
		};
		17904F1F2EBA079B00ED0748 /* ReachuUI */ = {
			isa = XCSwiftPackageProductDependency;
			productName = ReachuUI;
		};
		17904F232EBA094300ED0748 /* ReachuCore */ = {
			isa = XCSwiftPackageProductDependency;
			productName = ReachuCore;
		};
		17904F252EBA094300ED0748 /* ReachuUI */ = {
			isa = XCSwiftPackageProductDependency;
			productName = ReachuUI;
		};
/* End XCSwiftPackageProductDependency section */
	};
	rootObject = 17904EE12EBA05EF00ED0748 /* Project object */;
}
